{
  "name": "husky-test",
  "version": "2.0.0",
  "lockfileVersion": 2,
  "requires": true,
  "packages": {
    "": {
      "name": "husky-test",
      "version": "2.0.0",
      "license": "ISC",
      "dependencies": {
        "husky": "^9.0.11",
        "lodash": "^4.17.21"
      }
    },
    "node_modules/husky": {
      "version": "9.0.11",
      "resolved": "https://nexus.appfire.com/repository/appfire-npm/husky/-/husky-9.0.11.tgz",
      "integrity": "sha512-AB6lFlbwwyIqMdHYhwPe+kjOC3Oc5P3nThEoW/AaO2BX3vJDjWPFxYLxokUZOo6RNX20He3AaT8sESs9NJcmEw==",
      "license": "MIT",
      "bin": {
        "husky": "bin.mjs"
      },
      "engines": {
        "node": ">=18"
      },
      "funding": {
        "url": "https://github.com/sponsors/typicode"
      }
    },
    "node_modules/lodash": {
      "version": "4.17.21",
      "resolved": "https://nexus.appfire.com/repository/appfire-npm/lodash/-/lodash-4.17.21.tgz",
      "integrity": "sha512-v2kDEe57lecTulaDIuNTPy3Ry4gLGJ6Z1O3vE1krgXZNrsQ+LFTGHVxVjcXPs17LhbZVGedAJv8XZ1tvj5FvSg==",
      "license": "MIT"
    }
  },
  "dependencies": {
    "husky": {
      "version": "9.0.11",
      "resolved": "https://nexus.appfire.com/repository/appfire-npm/husky/-/husky-9.0.11.tgz",
      "integrity": "sha512-AB6lFlbwwyIqMdHYhwPe+kjOC3Oc5P3nThEoW/AaO2BX3vJDjWPFxYLxokUZOo6RNX20He3AaT8sESs9NJcmEw=="
    },
    "lodash": {
      "version": "4.17.21",
      "resolved": "https://nexus.appfire.com/repository/appfire-npm/lodash/-/lodash-4.17.21.tgz",
      "integrity": "sha512-v2kDEe57lecTulaDIuNTPy3Ry4gLGJ6Z1O3vE1krgXZNrsQ+LFTGHVxVjcXPs17LhbZVGedAJv8XZ1tvj5FvSg=="
    }
  }
}
